Microsoft Visual Studio Solution File, Format Version 12.00
# Visual Studio 2012
Project("{FAE04EC0-301F-11D3-BF4B-00C04F79EFBC}") = "Card2", "Card2.csproj", "{CB785F8E-9A7B-46C4-A6B9-0DE8F11415D3}"
EndProject
Global
	GlobalSection(SolutionConfigurationPlatforms) = preSolution
	Debug|Any CPU = Debug|Any CPU
	ExportDebug|Any CPU = ExportDebug|Any CPU
	ExportRelease|Any CPU = ExportRelease|Any CPU
	EndGlobalSection
	GlobalSection(ProjectConfigurationPlatforms) = postSolution
		{CB785F8E-9A7B-46C4-A6B9-0DE8F11415D3}.Debug|Any CPU.ActiveCfg = Debug|Any CPU
		{CB785F8E-9A7B-46C4-A6B9-0DE8F11415D3}.Debug|Any CPU.Build.0 = Debug|Any CPU
		{CB785F8E-9A7B-46C4-A6B9-0DE8F11415D3}.ExportDebug|Any CPU.ActiveCfg = ExportDebug|Any CPU
		{CB785F8E-9A7B-46C4-A6B9-0DE8F11415D3}.ExportDebug|Any CPU.Build.0 = ExportDebug|Any CPU
		{CB785F8E-9A7B-46C4-A6B9-0DE8F11415D3}.ExportRelease|Any CPU.ActiveCfg = ExportRelease|Any CPU
		{CB785F8E-9A7B-46C4-A6B9-0DE8F11415D3}.ExportRelease|Any CPU.Build.0 = ExportRelease|Any CPU
	EndGlobalSection
EndGlobal
